# This file is automatically @generated by Cargo.
# It is not intended for manual editing.
version = 4

[[package]]
name = "policy-core"
version = "0.0.1"

[[package]]
name = "vault-cli"
version = "0.0.1"

[[package]]
name = "vault-node"
version = "0.0.1"

[[package]]
name = "vault-proto"
version = "0.0.1"
